
Microsoft Visual Studio Solution File, Format Version 12.00
# Visual Studio 14
VisualStudioVersion = 14.0.25420.1
MinimumVisualStudioVersion = 10.0.40219.1
Project("{FAE04EC0-301F-11D3-BF4B-00C04F79EFBC}") = "FPTransformer", "FPTransformer\FPTransformer.csproj", "{9BCD25E9-0FDD-4FBA-9174-93C76415BA64}"
EndProject
Project("{FAE04EC0-301F-11D3-BF4B-00C04F79EFBC}") = "CopyManifests", "CopyManifests\CopyManifests.csproj", "{20953524-7FB9-45AD-A977-E35EBD325116}"
EndProject
Global
	GlobalSection(SolutionConfigurationPlatforms) = preSolution
		Debug|Any CPU = Debug|Any CPU
		Release|Any CPU = Release|Any CPU
	EndGlobalSection
	GlobalSection(ProjectConfigurationPlatforms) = postSolution
		{9BCD25E9-0FDD-4FBA-9174-93C76415BA64}.Debug|Any CPU.ActiveCfg = Debug|Any CPU
		{9BCD25E9-0FDD-4FBA-9174-93C76415BA64}.Debug|Any CPU.Build.0 = Debug|Any CPU
		{9BCD25E9-0FDD-4FBA-9174-93C76415BA64}.Release|Any CPU.ActiveCfg = Release|Any CPU
		{9BCD25E9-0FDD-4FBA-9174-93C76415BA64}.Release|Any CPU.Build.0 = Release|Any CPU
		{20953524-7FB9-45AD-A977-E35EBD325116}.Debug|Any CPU.ActiveCfg = Debug|Any CPU
		{20953524-7FB9-45AD-A977-E35EBD325116}.Debug|Any CPU.Build.0 = Debug|Any CPU
		{20953524-7FB9-45AD-A977-E35EBD325116}.Release|Any CPU.ActiveCfg = Release|Any CPU
		{20953524-7FB9-45AD-A977-E35EBD325116}.Release|Any CPU.Build.0 = Release|Any CPU
	EndGlobalSection
	GlobalSection(SolutionProperties) = preSolution
		HideSolutionNode = FALSE
	EndGlobalSection
EndGlobal
